
Microsoft Visual Studio Solution File, Format Version 12.00
# Visual Studio Version 16
VisualStudioVersion = 16.0.32002.261
MinimumVisualStudioVersion = 10.0.40219.1
Project("{9A19103F-16F7-4668-BE54-9A1E7A4F7556}") = "DalLibrary", "DalLibrary\DalLibrary.csproj", "{F73BC2A8-4D59-4F04-BA18-E5EECFD24B15}"
EndProject
Project("{9A19103F-16F7-4668-BE54-9A1E7A4F7556}") = "IdentityService", "IdentityService\IdentityService.csproj", "{5C667220-B995-4ADF-BF2A-420E79BE76AF}"
EndProject
Project("{9A19103F-16F7-4668-BE54-9A1E7A4F7556}") = "AdvertAPI", "AdvertAPI\AdvertAPI.csproj", "{990AD462-37B5-45DE-A9CE-82F35EFC0FFC}"
EndProject
Project("{9A19103F-16F7-4668-BE54-9A1E7A4F7556}") = "SpecificationsAPI", "Specifications\SpecificationsAPI.csproj", "{4E35577F-73FB-41FC-8724-ADACF757B970}"
EndProject
Project("{FAE04EC0-301F-11D3-BF4B-00C04F79EFBC}") = "ApiGateway", "ApiGateway\ApiGateway.csproj", "{D5847D64-ED2D-4E4E-9C5A-F39D2F659AC1}"
EndProject
Global
	GlobalSection(SolutionConfigurationPlatforms) = preSolution
		Debug|Any CPU = Debug|Any CPU
		Release|Any CPU = Release|Any CPU
	EndGlobalSection
	GlobalSection(ProjectConfigurationPlatforms) = postSolution
		{F73BC2A8-4D59-4F04-BA18-E5EECFD24B15}.Debug|Any CPU.ActiveCfg = Debug|Any CPU
		{F73BC2A8-4D59-4F04-BA18-E5EECFD24B15}.Debug|Any CPU.Build.0 = Debug|Any CPU
		{F73BC2A8-4D59-4F04-BA18-E5EECFD24B15}.Release|Any CPU.ActiveCfg = Release|Any CPU
		{F73BC2A8-4D59-4F04-BA18-E5EECFD24B15}.Release|Any CPU.Build.0 = Release|Any CPU
		{5C667220-B995-4ADF-BF2A-420E79BE76AF}.Debug|Any CPU.ActiveCfg = Debug|Any CPU
		{5C667220-B995-4ADF-BF2A-420E79BE76AF}.Debug|Any CPU.Build.0 = Debug|Any CPU
		{5C667220-B995-4ADF-BF2A-420E79BE76AF}.Release|Any CPU.ActiveCfg = Release|Any CPU
		{5C667220-B995-4ADF-BF2A-420E79BE76AF}.Release|Any CPU.Build.0 = Release|Any CPU
		{990AD462-37B5-45DE-A9CE-82F35EFC0FFC}.Debug|Any CPU.ActiveCfg = Debug|Any CPU
		{990AD462-37B5-45DE-A9CE-82F35EFC0FFC}.Debug|Any CPU.Build.0 = Debug|Any CPU
		{990AD462-37B5-45DE-A9CE-82F35EFC0FFC}.Release|Any CPU.ActiveCfg = Release|Any CPU
		{990AD462-37B5-45DE-A9CE-82F35EFC0FFC}.Release|Any CPU.Build.0 = Release|Any CPU
		{4E35577F-73FB-41FC-8724-ADACF757B970}.Debug|Any CPU.ActiveCfg = Debug|Any CPU
		{4E35577F-73FB-41FC-8724-ADACF757B970}.Debug|Any CPU.Build.0 = Debug|Any CPU
		{4E35577F-73FB-41FC-8724-ADACF757B970}.Release|Any CPU.ActiveCfg = Release|Any CPU
		{4E35577F-73FB-41FC-8724-ADACF757B970}.Release|Any CPU.Build.0 = Release|Any CPU
		{D5847D64-ED2D-4E4E-9C5A-F39D2F659AC1}.Debug|Any CPU.ActiveCfg = Debug|Any CPU
		{D5847D64-ED2D-4E4E-9C5A-F39D2F659AC1}.Debug|Any CPU.Build.0 = Debug|Any CPU
		{D5847D64-ED2D-4E4E-9C5A-F39D2F659AC1}.Release|Any CPU.ActiveCfg = Release|Any CPU
		{D5847D64-ED2D-4E4E-9C5A-F39D2F659AC1}.Release|Any CPU.Build.0 = Release|Any CPU
	EndGlobalSection
	GlobalSection(SolutionProperties) = preSolution
		HideSolutionNode = FALSE
	EndGlobalSection
	GlobalSection(ExtensibilityGlobals) = postSolution
		SolutionGuid = {9870BD75-736A-409A-B453-3D6AEC1D9D07}
	EndGlobalSection
EndGlobal
