
Microsoft Visual Studio Solution File, Format Version 12.00
# Visual Studio Version 16
VisualStudioVersion = 16.0.29509.3
MinimumVisualStudioVersion = 10.0.40219.1
Project("{FAE04EC0-301F-11D3-BF4B-00C04F79EFBC}") = "DalLibrary", "DalLibrary\DalLibrary.csproj", "{F73BC2A8-4D59-4F04-BA18-E5EECFD24B15}"
EndProject
Project("{FAE04EC0-301F-11D3-BF4B-00C04F79EFBC}") = "IdentityService", "IdentityService\IdentityService.csproj", "{5C667220-B995-4ADF-BF2A-420E79BE76AF}"
EndProject
Global
	GlobalSection(SolutionConfigurationPlatforms) = preSolution
		Debug|Any CPU = Debug|Any CPU
		Release|Any CPU = Release|Any CPU
	EndGlobalSection
	GlobalSection(ProjectConfigurationPlatforms) = postSolution
		{F73BC2A8-4D59-4F04-BA18-E5EECFD24B15}.Debug|Any CPU.ActiveCfg = Debug|Any CPU
		{F73BC2A8-4D59-4F04-BA18-E5EECFD24B15}.Debug|Any CPU.Build.0 = Debug|Any CPU
		{F73BC2A8-4D59-4F04-BA18-E5EECFD24B15}.Release|Any CPU.ActiveCfg = Release|Any CPU
		{F73BC2A8-4D59-4F04-BA18-E5EECFD24B15}.Release|Any CPU.Build.0 = Release|Any CPU
		{5C667220-B995-4ADF-BF2A-420E79BE76AF}.Debug|Any CPU.ActiveCfg = Debug|Any CPU
		{5C667220-B995-4ADF-BF2A-420E79BE76AF}.Debug|Any CPU.Build.0 = Debug|Any CPU
		{5C667220-B995-4ADF-BF2A-420E79BE76AF}.Release|Any CPU.ActiveCfg = Release|Any CPU
		{5C667220-B995-4ADF-BF2A-420E79BE76AF}.Release|Any CPU.Build.0 = Release|Any CPU
	EndGlobalSection
	GlobalSection(SolutionProperties) = preSolution
		HideSolutionNode = FALSE
	EndGlobalSection
	GlobalSection(ExtensibilityGlobals) = postSolution
		SolutionGuid = {9870BD75-736A-409A-B453-3D6AEC1D9D07}
	EndGlobalSection
EndGlobal
